
Microsoft Visual Studio Solution File, Format Version 11.00
# Visual Studio 2010
Project("{FAE04EC0-301F-11D3-BF4B-00C04F79EFBC}") = "zombieToys", "Assembly-CSharp.csproj", "{0544D5C5-A768-1AE7-6417-34D66D1BDFAC}"
EndProject
Global
	GlobalSection(SolutionConfigurationPlatforms) = preSolution
		Debug|Any CPU = Debug|Any CPU
		Release|Any CPU = Release|Any CPU
	EndGlobalSection
	GlobalSection(ProjectConfigurationPlatforms) = postSolution
		{0544D5C5-A768-1AE7-6417-34D66D1BDFAC}.Debug|Any CPU.ActiveCfg = Debug|Any CPU
		{0544D5C5-A768-1AE7-6417-34D66D1BDFAC}.Debug|Any CPU.Build.0 = Debug|Any CPU
		{0544D5C5-A768-1AE7-6417-34D66D1BDFAC}.Release|Any CPU.ActiveCfg = Release|Any CPU
		{0544D5C5-A768-1AE7-6417-34D66D1BDFAC}.Release|Any CPU.Build.0 = Release|Any CPU
	EndGlobalSection
	GlobalSection(SolutionProperties) = preSolution
		HideSolutionNode = FALSE
	EndGlobalSection
	GlobalSection(MonoDevelopProperties) = preSolution
		StartupItem = Assembly-CSharp.csproj
	EndGlobalSection
EndGlobal
